
Microsoft Visual Studio Solution File, Format Version 12.00
# Visual Studio Version 17
VisualStudioVersion = 17.0.31903.59
MinimumVisualStudioVersion = 10.0.40219.1
Project("{FAE04EC0-301F-11D3-BF4B-00C04F79EFBC}") = "Etiquetador.App", "Etiquetador.App\Etiquetador.App.csproj", "{4BEA1886-A3F5-4086-B266-7229EC56E99F}"
EndProject
Project("{FAE04EC0-301F-11D3-BF4B-00C04F79EFBC}") = "Etiquetador.Core", "Etiquetador.Core\Etiquetador.Core.csproj", "{61C9A711-340D-4E54-94DB-485DDC9C3480}"
EndProject
Project("{FAE04EC0-301F-11D3-BF4B-00C04F79EFBC}") = "Etiquetador.Tests", "Etiquetador.Tests\Etiquetador.Tests.csproj", "{96E937DF-AE3C-4947-AE4A-76BA44F707D0}"
EndProject
Global
	GlobalSection(SolutionConfigurationPlatforms) = preSolution
		Debug|Any CPU = Debug|Any CPU
		Debug|x64 = Debug|x64
		Debug|x86 = Debug|x86
		Release|Any CPU = Release|Any CPU
		Release|x64 = Release|x64
		Release|x86 = Release|x86
	EndGlobalSection
	GlobalSection(ProjectConfigurationPlatforms) = postSolution
		{4BEA1886-A3F5-4086-B266-7229EC56E99F}.Debug|Any CPU.ActiveCfg = Debug|Any CPU
		{4BEA1886-A3F5-4086-B266-7229EC56E99F}.Debug|Any CPU.Build.0 = Debug|Any CPU
		{4BEA1886-A3F5-4086-B266-7229EC56E99F}.Debug|x64.ActiveCfg = Debug|Any CPU
		{4BEA1886-A3F5-4086-B266-7229EC56E99F}.Debug|x64.Build.0 = Debug|Any CPU
		{4BEA1886-A3F5-4086-B266-7229EC56E99F}.Debug|x86.ActiveCfg = Debug|Any CPU
		{4BEA1886-A3F5-4086-B266-7229EC56E99F}.Debug|x86.Build.0 = Debug|Any CPU
		{4BEA1886-A3F5-4086-B266-7229EC56E99F}.Release|Any CPU.ActiveCfg = Release|Any CPU
		{4BEA1886-A3F5-4086-B266-7229EC56E99F}.Release|Any CPU.Build.0 = Release|Any CPU
		{4BEA1886-A3F5-4086-B266-7229EC56E99F}.Release|x64.ActiveCfg = Release|Any CPU
		{4BEA1886-A3F5-4086-B266-7229EC56E99F}.Release|x64.Build.0 = Release|Any CPU
		{4BEA1886-A3F5-4086-B266-7229EC56E99F}.Release|x86.ActiveCfg = Release|Any CPU
		{4BEA1886-A3F5-4086-B266-7229EC56E99F}.Release|x86.Build.0 = Release|Any CPU
		{61C9A711-340D-4E54-94DB-485DDC9C3480}.Debug|Any CPU.ActiveCfg = Debug|Any CPU
		{61C9A711-340D-4E54-94DB-485DDC9C3480}.Debug|Any CPU.Build.0 = Debug|Any CPU
		{61C9A711-340D-4E54-94DB-485DDC9C3480}.Debug|x64.ActiveCfg = Debug|Any CPU
		{61C9A711-340D-4E54-94DB-485DDC9C3480}.Debug|x64.Build.0 = Debug|Any CPU
		{61C9A711-340D-4E54-94DB-485DDC9C3480}.Debug|x86.ActiveCfg = Debug|Any CPU
		{61C9A711-340D-4E54-94DB-485DDC9C3480}.Debug|x86.Build.0 = Debug|Any CPU
		{61C9A711-340D-4E54-94DB-485DDC9C3480}.Release|Any CPU.ActiveCfg = Release|Any CPU
		{61C9A711-340D-4E54-94DB-485DDC9C3480}.Release|Any CPU.Build.0 = Release|Any CPU
		{61C9A711-340D-4E54-94DB-485DDC9C3480}.Release|x64.ActiveCfg = Release|Any CPU
		{61C9A711-340D-4E54-94DB-485DDC9C3480}.Release|x64.Build.0 = Release|Any CPU
		{61C9A711-340D-4E54-94DB-485DDC9C3480}.Release|x86.ActiveCfg = Release|Any CPU
		{61C9A711-340D-4E54-94DB-485DDC9C3480}.Release|x86.Build.0 = Release|Any CPU
		{96E937DF-AE3C-4947-AE4A-76BA44F707D0}.Debug|Any CPU.ActiveCfg = Debug|Any CPU
		{96E937DF-AE3C-4947-AE4A-76BA44F707D0}.Debug|Any CPU.Build.0 = Debug|Any CPU
		{96E937DF-AE3C-4947-AE4A-76BA44F707D0}.Debug|x64.ActiveCfg = Debug|Any CPU
		{96E937DF-AE3C-4947-AE4A-76BA44F707D0}.Debug|x64.Build.0 = Debug|Any CPU
		{96E937DF-AE3C-4947-AE4A-76BA44F707D0}.Debug|x86.ActiveCfg = Debug|Any CPU
		{96E937DF-AE3C-4947-AE4A-76BA44F707D0}.Debug|x86.Build.0 = Debug|Any CPU
		{96E937DF-AE3C-4947-AE4A-76BA44F707D0}.Release|Any CPU.ActiveCfg = Release|Any CPU
		{96E937DF-AE3C-4947-AE4A-76BA44F707D0}.Release|Any CPU.Build.0 = Release|Any CPU
		{96E937DF-AE3C-4947-AE4A-76BA44F707D0}.Release|x64.ActiveCfg = Release|Any CPU
		{96E937DF-AE3C-4947-AE4A-76BA44F707D0}.Release|x64.Build.0 = Release|Any CPU
		{96E937DF-AE3C-4947-AE4A-76BA44F707D0}.Release|x86.ActiveCfg = Release|Any CPU
		{96E937DF-AE3C-4947-AE4A-76BA44F707D0}.Release|x86.Build.0 = Release|Any CPU
	EndGlobalSection
	GlobalSection(SolutionProperties) = preSolution
		HideSolutionNode = FALSE
	EndGlobalSection
EndGlobal
